{
  "name": "public",
  "version": "1.0.0",
  "lockfileVersion": 1,
  "requires": true,
  "dependencies": {
    "jquery": {
      "version": "3.3.1",
      "resolved": "https://registry.npmjs.org/jquery/-/jquery-3.3.1.tgz",
      "integrity": "sha512-Ubldcmxp5np52/ENotGxlLe6aGMvmF4R8S6tZjsP6Knsaxd/xp3Zrh50cG93lR6nPXyUFwzN3ZSOQI0wRJNdGg=="
    },
    "leaflet": {
      "version": "1.3.3",
      "resolved": "https://registry.npmjs.org/leaflet/-/leaflet-1.3.3.tgz",
      "integrity": "sha512-R9Cu5s0bdEXb9zh0nU17pV00IEvRh4xpWR9g1Oqz17jEDuMtkhy6DoYN1Q5WjvoDMRmq389zDVueUs9A2uWZSg=="
    },
    "leaflet.locatecontrol": {
      "version": "0.62.0",
      "resolved": "https://registry.npmjs.org/leaflet.locatecontrol/-/leaflet.locatecontrol-0.62.0.tgz",
      "integrity": "sha512-coatKzdlrWAnlrOyy+38K9VhcSs/r/UDH32Q+mD07wvNAzrfBiaVYJhtHfqUWsVU8xKRuza/1nMbWWH54Ey6Sw=="
    }
  }
}
